
Microsoft Visual Studio Solution File, Format Version 12.00
# Visual Studio Version 17
VisualStudioVersion = 17.14.36301.6 d17.14
MinimumVisualStudioVersion = 10.0.40219.1
Project("{FAE04EC0-301F-11D3-BF4B-00C04F79EFBC}") = "C# Task8", "C# Task8\C# Task8.csproj", "{8205AC92-B1B2-433F-8A76-FB1979909328}"
EndProject
Global
	GlobalSection(SolutionConfigurationPlatforms) = preSolution
		Debug|Any CPU = Debug|Any CPU
		Release|Any CPU = Release|Any CPU
	EndGlobalSection
	GlobalSection(ProjectConfigurationPlatforms) = postSolution
		{8205AC92-B1B2-433F-8A76-FB1979909328}.Debug|Any CPU.ActiveCfg = Debug|Any CPU
		{8205AC92-B1B2-433F-8A76-FB1979909328}.Debug|Any CPU.Build.0 = Debug|Any CPU
		{8205AC92-B1B2-433F-8A76-FB1979909328}.Release|Any CPU.ActiveCfg = Release|Any CPU
		{8205AC92-B1B2-433F-8A76-FB1979909328}.Release|Any CPU.Build.0 = Release|Any CPU
	EndGlobalSection
	GlobalSection(SolutionProperties) = preSolution
		HideSolutionNode = FALSE
	EndGlobalSection
	GlobalSection(ExtensibilityGlobals) = postSolution
		SolutionGuid = {B6DB661A-815B-4ED3-A6B7-04CCD08DE491}
	EndGlobalSection
EndGlobal
